{
  "meteor": {},
  "dependencies": {
    "basePackages": {
      "router": {},
      "fullcalendar": {}
    },
    "packages": {
      "router": {
        "git": "https://github.com/tmeasday/meteor-router.git",
        "tag": "v0.6.1",
        "commit": "8ec75fec7affdefc787d19f23b36fd6d1d44ef04"
      },
      "fullcalendar": {
        "git": "https://github.com/TimHeckel/meteor-fullcalendar.git",
        "tag": "v1.6.1",
        "commit": "78dba7c564bf7baacf6556c70a3cc179d0e137c4"
      },
      "page-js-ie-support": {
        "git": "https://github.com/tmeasday/meteor-page-js-ie-support.git",
        "tag": "v1.3.5",
        "commit": "b99ed8380aefd10b2afc8f18d9eed4dd0d8ea9cb"
      },
      "HTML5-History-API": {
        "git": "https://github.com/tmeasday/meteor-HTML5-History-API.git",
        "tag": "v4.1.2",
        "commit": "b5fca79f9ae8936e5f748a04f475295f4fa1cc7a"
      },
      "jquery-ui": {
        "git": "https://github.com/TimHeckel/meteor-jquery-ui.git",
        "tag": "v1.9.2",
        "commit": "c437d45edcf1367df8d5ffa8bad2867758030bd2"
      }
    }
  }
}
